
Microsoft Visual Studio Solution File, Format Version 12.00
# Visual Studio Version 16
VisualStudioVersion = 16.0.31025.194
MinimumVisualStudioVersion = 10.0.40219.1
Project("{FAE04EC0-301F-11D3-BF4B-00C04F79EFBC}") = "PropertyApp", "PropertyApp\PropertyApp.csproj", "{F4CDCE38-3A7E-47FC-8198-4AE805904A88}"
EndProject
Global
	GlobalSection(SolutionConfigurationPlatforms) = preSolution
		Debug|Any CPU = Debug|Any CPU
		Release|Any CPU = Release|Any CPU
	EndGlobalSection
	GlobalSection(ProjectConfigurationPlatforms) = postSolution
		{F4CDCE38-3A7E-47FC-8198-4AE805904A88}.Debug|Any CPU.ActiveCfg = Debug|Any CPU
		{F4CDCE38-3A7E-47FC-8198-4AE805904A88}.Debug|Any CPU.Build.0 = Debug|Any CPU
		{F4CDCE38-3A7E-47FC-8198-4AE805904A88}.Release|Any CPU.ActiveCfg = Release|Any CPU
		{F4CDCE38-3A7E-47FC-8198-4AE805904A88}.Release|Any CPU.Build.0 = Release|Any CPU
	EndGlobalSection
	GlobalSection(SolutionProperties) = preSolution
		HideSolutionNode = FALSE
	EndGlobalSection
	GlobalSection(ExtensibilityGlobals) = postSolution
		SolutionGuid = {1F9A6E8F-0C06-4A47-ACCA-2D9C36AC098F}
	EndGlobalSection
EndGlobal
